// !$*UTF8*$!
{
	archiveVersion = 1;
	classes = {
	};
	objectVersion = 46;
	objects = {

/* Begin PBXBuildFile section */
		71A26D781EC640FC002F76F3 /* AppDelegate.swift in Sources */ = {isa = PBXBuildFile; fileRef = 71A26D771EC640FC002F76F3 /* AppDelegate.swift */; };
		71A26D7A1EC640FC002F76F3 /* ViewController.swift in Sources */ = {isa = PBXBuildFile; fileRef = 71A26D791EC640FC002F76F3 /* ViewController.swift */; };
		71A26D7D1EC640FC002F76F3 /* Main.storyboard in Resources */ = {isa = PBXBuildFile; fileRef = 71A26D7B1EC640FC002F76F3 /* Main.storyboard */; };
		71A26D7F1EC640FC002F76F3 /* Assets.xcassets in Resources */ = {isa = PBXBuildFile; fileRef = 71A26D7E1EC640FC002F76F3 /* Assets.xcassets */; };
		71A26D821EC640FC002F76F3 /* LaunchScreen.storyboard in Resources */ = {isa = PBXBuildFile; fileRef = 71A26D801EC640FC002F76F3 /* LaunchScreen.storyboard */; };
/* End PBXBuildFile section */

/* Begin PBXFileReference section */
		71A26D741EC640FC002F76F3 /* project eye.app */ = {isa = PBXFileReference; explicitFileType = wrapper.application; includeInIndex = 0; path = "project eye.app"; sourceTree = BUILT_PRODUCTS_DIR; };
		71A26D771EC640FC002F76F3 /* AppDelegate.swift */ = {isa = PBXFileReference; lastKnownFileType = sourcecode.swift; path = AppDelegate.swift; sourceTree = "<group>"; };
		71A26D791EC640FC002F76F3 /* ViewController.swift */ = {isa = PBXFileReference; lastKnownFileType = sourcecode.swift; path = ViewController.swift; sourceTree = "<group>"; };
		71A26D7C1EC640FC002F76F3 /* Base */ = {isa = PBXFileReference; lastKnownFileType = file.storyboard; name = Base; path = Base.lproj/Main.storyboard; sourceTree = "<group>"; };
		71A26D7E1EC640FC002F76F3 /* Assets.xcassets */ = {isa = PBXFileReference; lastKnownFileType = folder.assetcatalog; path = Assets.xcassets; sourceTree = "<group>"; };
		71A26D811EC640FC002F76F3 /* Base */ = {isa = PBXFileReference; lastKnownFileType = file.storyboard; name = Base; path = Base.lproj/LaunchScreen.storyboard; sourceTree = "<group>"; };
		71A26D831EC640FC002F76F3 /* Info.plist */ = {isa = PBXFileReference; lastKnownFileType = text.plist.xml; path = Info.plist; sourceTree = "<group>"; };
/* End PBXFileReference section */

/* Begin PBXFrameworksBuildPhase section */
		71A26D711EC640FC002F76F3 /* Frameworks */ = {
			isa = PBXFrameworksBuildPhase;
			buildActionMask = 2147483647;
			files = (
			);
			runOnlyForDeploymentPostprocessing = 0;
		};
/* End PBXFrameworksBuildPhase section */

/* Begin PBXGroup section */
		71A26D6B1EC640FC002F76F3 = {
			isa = PBXGroup;
			children = (
				71A26D761EC640FC002F76F3 /* project eye */,
				71A26D751EC640FC002F76F3 /* Products */,
			);
			sourceTree = "<group>";
		};
		71A26D751EC640FC002F76F3 /* Products */ = {
			isa = PBXGroup;
			children = (
				71A26D741EC640FC002F76F3 /* project eye.app */,
			);
			name = Products;
			sourceTree = "<group>";
		};
		71A26D761EC640FC002F76F3 /* project eye */ = {
			isa = PBXGroup;
			children = (
				71A26D771EC640FC002F76F3 /* AppDelegate.swift */,
				71A26D791EC640FC002F76F3 /* ViewController.swift */,
				71A26D7B1EC640FC002F76F3 /* Main.storyboard */,
				71A26D7E1EC640FC002F76F3 /* Assets.xcassets */,
				71A26D801EC640FC002F76F3 /* LaunchScreen.storyboard */,
				71A26D831EC640FC002F76F3 /* Info.plist */,
			);
			path = "project eye";
			sourceTree = "<group>";
		};
/* End PBXGroup section */

/* Begin PBXNativeTarget section */
		71A26D731EC640FC002F76F3 /* project eye */ = {
			isa = PBXNativeTarget;
			buildConfigurationList = 71A26D861EC640FC002F76F3 /* Build configuration list for PBXNativeTarget "project eye" */;
			buildPhases = (
				71A26D701EC640FC002F76F3 /* Sources */,
				71A26D711EC640FC002F76F3 /* Frameworks */,
				71A26D721EC640FC002F76F3 /* Resources */,
			);
			buildRules = (
			);
			dependencies = (
			);
			name = "project eye";
			productName = "project eye";
			productReference = 71A26D741EC640FC002F76F3 /* project eye.app */;
			productType = "com.apple.product-type.application";
		};
/* End PBXNativeTarget section */

/* Begin PBXProject section */
		71A26D6C1EC640FC002F76F3 /* Project object */ = {
			isa = PBXProject;
			attributes = {
				LastSwiftUpdateCheck = 0830;
				LastUpgradeCheck = 0830;
				ORGANIZATIONNAME = "陳鈞廷";
				TargetAttributes = {
					71A26D731EC640FC002F76F3 = {
						CreatedOnToolsVersion = 8.3.2;
						ProvisioningStyle = Automatic;
					};
				};
			};
			buildConfigurationList = 71A26D6F1EC640FC002F76F3 /* Build configuration list for PBXProject "project eye" */;
			compatibilityVersion = "Xcode 3.2";
			developmentRegion = English;
			hasScannedForEncodings = 0;
			knownRegions = (
				en,
				Base,
			);
			mainGroup = 71A26D6B1EC640FC002F76F3;
			productRefGroup = 71A26D751EC640FC002F76F3 /* Products */;
			projectDirPath = "";
			projectRoot = "";
			targets = (
				71A26D731EC640FC002F76F3 /* project eye */,
			);
		};
/* End PBXProject section */

/* Begin PBXResourcesBuildPhase section */
		71A26D721EC640FC002F76F3 /* Resources */ = {
			isa = PBXResourcesBuildPhase;
			buildActionMask = 2147483647;
			files = (
				71A26D821EC640FC002F76F3 /* LaunchScreen.storyboard in Resources */,
				71A26D7F1EC640FC002F76F3 /* Assets.xcassets in Resources */,
				71A26D7D1EC640FC002F76F3 /* Main.storyboard in Resources */,
			);
			runOnlyForDeploymentPostprocessing = 0;
		};
/* End PBXResourcesBuildPhase section */

/* Begin PBXSourcesBuildPhase section */
		71A26D701EC640FC002F76F3 /* Sources */ = {
			isa = PBXSourcesBuildPhase;
			buildActionMask = 2147483647;
			files = (
				71A26D7A1EC640FC002F76F3 /* ViewController.swift in Sources */,
				71A26D781EC640FC002F76F3 /* AppDelegate.swift in Sources */,
			);
			runOnlyForDeploymentPostprocessing = 0;
		};
/* End PBXSourcesBuildPhase section */

/* Begin PBXVariantGroup section */
		71A26D7B1EC640FC002F76F3 /* Main.storyboard */ = {
			isa = PBXVariantGroup;
			children = (
				71A26D7C1EC640FC002F76F3 /* Base */,
			);
			name = Main.storyboard;
			sourceTree = "<group>";
		};
		71A26D801EC640FC002F76F3 /* LaunchScreen.storyboard */ = {
			isa = PBXVariantGroup;
			children = (
				71A26D811EC640FC002F76F3 /* Base */,
			);
			name = LaunchScreen.storyboard;
			sourceTree = "<group>";
		};
/* End PBXVariantGroup section */

/* Begin XCBuildConfiguration section */
		71A26D841EC640FC002F76F3 /* Debug */ = {
			isa = XCBuildConfiguration;
			buildSettings = {
				ALWAYS_SEARCH_USER_PATHS = NO;
				CLANG_ANALYZER_NONNULL = YES;
				CLANG_ANALYZER_NUMBER_OBJECT_CONVERSION = YES_AGGRESSIVE;
				CLANG_CXX_LANGUAGE_STANDARD = "gnu++0x";
				CLANG_CXX_LIBRARY = "libc++";
				CLANG_ENABLE_MODULES = YES;
				CLANG_ENABLE_OBJC_ARC = YES;
				CLANG_WARN_BOOL_CONVERSION = YES;
				CLANG_WARN_CONSTANT_CONVERSION = YES;
				CLANG_WARN_DIRECT_OBJC_ISA_USAGE = YES_ERROR;
				CLANG_WARN_DOCUMENTATION_COMMENTS = YES;
				CLANG_WARN_EMPTY_BODY = YES;
				CLANG_WARN_ENUM_CONVERSION = YES;
				CLANG_WARN_INFINITE_RECURSION = YES;
				CLANG_WARN_INT_CONVERSION = YES;
				CLANG_WARN_OBJC_ROOT_CLASS = YES_ERROR;
				CLANG_WARN_SUSPICIOUS_MOVE = YES;
				CLANG_WARN_UNREACHABLE_CODE = YES;
				CLANG_WARN__DUPLICATE_METHOD_MATCH = YES;
				"CODE_SIGN_IDENTITY[sdk=iphoneos*]" = "iPhone Developer";
				COPY_PHASE_STRIP = NO;
				DEBUG_INFORMATION_FORMAT = dwarf;
				ENABLE_STRICT_OBJC_MSGSEND = YES;
				ENABLE_TESTABILITY = YES;
				GCC_C_LANGUAGE_STANDARD = gnu99;
				GCC_DYNAMIC_NO_PIC = NO;
				GCC_NO_COMMON_BLOCKS = YES;
				GCC_OPTIMIZATION_LEVEL = 0;
				GCC_PREPROCESSOR_DEFINITIONS = (
					"DEBUG=1",
					"$(inherited)",
				);
				GCC_WARN_64_TO_32_BIT_CONVERSION = YES;
				GCC_WARN_ABOUT_RETURN_TYPE = YES_ERROR;
				GCC_WARN_UNDECLARED_SELECTOR = YES;
				GCC_WARN_UNINITIALIZED_AUTOS = YES_AGGRESSIVE;
				GCC_WARN_UNUSED_FUNCTION = YES;
				GCC_WARN_UNUSED_VARIABLE = YES;
				IPHONEOS_DEPLOYMENT_TARGET = 10.3;
				MTL_ENABLE_DEBUG_INFO = YES;
				ONLY_ACTIVE_ARCH = YES;
				SDKROOT = iphoneos;
				SWIFT_ACTIVE_COMPILATION_CONDITIONS = DEBUG;
				SWIFT_OPTIMIZATION_LEVEL = "-Onone";
			};
			name = Debug;
		};
		71A26D851EC640FC002F76F3 /* Release */ = {
			isa = XCBuildConfiguration;
			buildSettings = {
				ALWAYS_SEARCH_USER_PATHS = NO;
				CLANG_ANALYZER_NONNULL = YES;
				CLANG_ANALYZER_NUMBER_OBJECT_CONVERSION = YES_AGGRESSIVE;
				CLANG_CXX_LANGUAGE_STANDARD = "gnu++0x";
				CLANG_CXX_LIBRARY = "libc++";
				CLANG_ENABLE_MODULES = YES;
				CLANG_ENABLE_OBJC_ARC = YES;
				CLANG_WARN_BOOL_CONVERSION = YES;
				CLANG_WARN_CONSTANT_CONVERSION = YES;
				CLANG_WARN_DIRECT_OBJC_ISA_USAGE = YES_ERROR;
				CLANG_WARN_DOCUMENTATION_COMMENTS = YES;
				CLANG_WARN_EMPTY_BODY = YES;
				CLANG_WARN_ENUM_CONVERSION = YES;
				CLANG_WARN_INFINITE_RECURSION = YES;
				CLANG_WARN_INT_CONVERSION = YES;
				CLANG_WARN_OBJC_ROOT_CLASS = YES_ERROR;
				CLANG_WARN_SUSPICIOUS_MOVE = YES;
				CLANG_WARN_UNREACHABLE_CODE = YES;
				CLANG_WARN__DUPLICATE_METHOD_MATCH = YES;
				"CODE_SIGN_IDENTITY[sdk=iphoneos*]" = "iPhone Developer";
				COPY_PHASE_STRIP = NO;
				DEBUG_INFORMATION_FORMAT = "dwarf-with-dsym";
				ENABLE_NS_ASSERTIONS = NO;
				ENABLE_STRICT_OBJC_MSGSEND = YES;
				GCC_C_LANGUAGE_STANDARD = gnu99;
				GCC_NO_COMMON_BLOCKS = YES;
				GCC_WARN_64_TO_32_BIT_CONVERSION = YES;
				GCC_WARN_ABOUT_RETURN_TYPE = YES_ERROR;
				GCC_WARN_UNDECLARED_SELECTOR = YES;
				GCC_WARN_UNINITIALIZED_AUTOS = YES_AGGRESSIVE;
				GCC_WARN_UNUSED_FUNCTION = YES;
				GCC_WARN_UNUSED_VARIABLE = YES;
				IPHONEOS_DEPLOYMENT_TARGET = 10.3;
				MTL_ENABLE_DEBUG_INFO = NO;
				SDKROOT = iphoneos;
				SWIFT_OPTIMIZATION_LEVEL = "-Owholemodule";
				VALIDATE_PRODUCT = YES;
			};
			name = Release;
		};
		71A26D871EC640FC002F76F3 /* Debug */ = {
			isa = XCBuildConfiguration;
			buildSettings = {
				ASSETCATALOG_COMPILER_APPICON_NAME = AppIcon;
				INFOPLIST_FILE = "project eye/Info.plist";
				LD_RUNPATH_SEARCH_PATHS = "$(inherited) @executable_path/Frameworks";
				PRODUCT_BUNDLE_IDENTIFIER = "hankchen1728.project-eye";
				PRODUCT_NAME = "$(TARGET_NAME)";
				SWIFT_VERSION = 3.0;
			};
			name = Debug;
		};
		71A26D881EC640FC002F76F3 /* Release */ = {
			isa = XCBuildConfiguration;
			buildSettings = {
				ASSETCATALOG_COMPILER_APPICON_NAME = AppIcon;
				INFOPLIST_FILE = "project eye/Info.plist";
				LD_RUNPATH_SEARCH_PATHS = "$(inherited) @executable_path/Frameworks";
				PRODUCT_BUNDLE_IDENTIFIER = "hankchen1728.project-eye";
				PRODUCT_NAME = "$(TARGET_NAME)";
				SWIFT_VERSION = 3.0;
			};
			name = Release;
		};
/* End XCBuildConfiguration section */

/* Begin XCConfigurationList section */
		71A26D6F1EC640FC002F76F3 /* Build configuration list for PBXProject "project eye" */ = {
			isa = XCConfigurationList;
			buildConfigurations = (
				71A26D841EC640FC002F76F3 /* Debug */,
				71A26D851EC640FC002F76F3 /* Release */,
			);
			defaultConfigurationIsVisible = 0;
			defaultConfigurationName = Release;
		};
		71A26D861EC640FC002F76F3 /* Build configuration list for PBXNativeTarget "project eye" */ = {
			isa = XCConfigurationList;
			buildConfigurations = (
				71A26D871EC640FC002F76F3 /* Debug */,
				71A26D881EC640FC002F76F3 /* Release */,
			);
			defaultConfigurationIsVisible = 0;
		};
/* End XCConfigurationList section */
	};
	rootObject = 71A26D6C1EC640FC002F76F3 /* Project object */;
}
